
Microsoft Visual Studio Solution File, Format Version 12.00
# Visual Studio Version 17
VisualStudioVersion = 17.8.34330.188
MinimumVisualStudioVersion = 10.0.40219.1
Project("{9A19103F-16F7-4668-BE54-9A1E7A4F7556}") = "LosMejoresDeLaClase", "LosMejoresDeLaClase\LosMejoresDeLaClase.csproj", "{34B46155-FFC5-4056-B58A-858A43955949}"
EndProject
Project("{9A19103F-16F7-4668-BE54-9A1E7A4F7556}") = "CLase5ObjetosPOO", "CLase5POOImplementarUsuarios\CLase5ObjetosPOO.csproj", "{72688D9A-8F4F-4D2B-9176-F660E076DA39}"
EndProject
Project("{9A19103F-16F7-4668-BE54-9A1E7A4F7556}") = "ProductosConE", "ProductosConE\ProductosConE.csproj", "{92862E9C-8DE7-4AAF-A94A-CB0F63715494}"
EndProject
Project("{9A19103F-16F7-4668-BE54-9A1E7A4F7556}") = "FromAdoNet", "FromProyectoFinal\FromAdoNet.csproj", "{80DD9A22-337B-4368-9235-3485650EDE91}"
EndProject
Global
	GlobalSection(SolutionConfigurationPlatforms) = preSolution
		Debug|Any CPU = Debug|Any CPU
		Release|Any CPU = Release|Any CPU
	EndGlobalSection
	GlobalSection(ProjectConfigurationPlatforms) = postSolution
		{34B46155-FFC5-4056-B58A-858A43955949}.Debug|Any CPU.ActiveCfg = Debug|Any CPU
		{34B46155-FFC5-4056-B58A-858A43955949}.Debug|Any CPU.Build.0 = Debug|Any CPU
		{34B46155-FFC5-4056-B58A-858A43955949}.Release|Any CPU.ActiveCfg = Release|Any CPU
		{34B46155-FFC5-4056-B58A-858A43955949}.Release|Any CPU.Build.0 = Release|Any CPU
		{72688D9A-8F4F-4D2B-9176-F660E076DA39}.Debug|Any CPU.ActiveCfg = Debug|Any CPU
		{72688D9A-8F4F-4D2B-9176-F660E076DA39}.Debug|Any CPU.Build.0 = Debug|Any CPU
		{72688D9A-8F4F-4D2B-9176-F660E076DA39}.Release|Any CPU.ActiveCfg = Release|Any CPU
		{72688D9A-8F4F-4D2B-9176-F660E076DA39}.Release|Any CPU.Build.0 = Release|Any CPU
		{92862E9C-8DE7-4AAF-A94A-CB0F63715494}.Debug|Any CPU.ActiveCfg = Debug|Any CPU
		{92862E9C-8DE7-4AAF-A94A-CB0F63715494}.Debug|Any CPU.Build.0 = Debug|Any CPU
		{92862E9C-8DE7-4AAF-A94A-CB0F63715494}.Release|Any CPU.ActiveCfg = Release|Any CPU
		{92862E9C-8DE7-4AAF-A94A-CB0F63715494}.Release|Any CPU.Build.0 = Release|Any CPU
		{80DD9A22-337B-4368-9235-3485650EDE91}.Debug|Any CPU.ActiveCfg = Debug|Any CPU
		{80DD9A22-337B-4368-9235-3485650EDE91}.Debug|Any CPU.Build.0 = Debug|Any CPU
		{80DD9A22-337B-4368-9235-3485650EDE91}.Release|Any CPU.ActiveCfg = Release|Any CPU
		{80DD9A22-337B-4368-9235-3485650EDE91}.Release|Any CPU.Build.0 = Release|Any CPU
	EndGlobalSection
	GlobalSection(SolutionProperties) = preSolution
		HideSolutionNode = FALSE
	EndGlobalSection
	GlobalSection(ExtensibilityGlobals) = postSolution
		SolutionGuid = {0E3A2A1F-CFD8-4813-A537-7C70CEEE6ADD}
	EndGlobalSection
EndGlobal
