
Microsoft Visual Studio Solution File, Format Version 12.00
# Visual Studio Version 17
VisualStudioVersion = 17.8.34330.188
MinimumVisualStudioVersion = 10.0.40219.1
Project("{9A19103F-16F7-4668-BE54-9A1E7A4F7556}") = "LosMejoresDeLaClase", "LosMejoresDeLaClase\LosMejoresDeLaClase.csproj", "{34B46155-FFC5-4056-B58A-858A43955949}"
EndProject
Project("{9A19103F-16F7-4668-BE54-9A1E7A4F7556}") = "AplicacionConsola", "..\Proyecto C# CoderHouse para entrega\ProyectoFinalCsharpFedericoGarea\ClasesConsola\AplicacionConsola.csproj", "{F3BACC57-D3F6-41AD-A90E-F0507DB63251}"
EndProject
Global
	GlobalSection(SolutionConfigurationPlatforms) = preSolution
		Debug|Any CPU = Debug|Any CPU
		Release|Any CPU = Release|Any CPU
	EndGlobalSection
	GlobalSection(ProjectConfigurationPlatforms) = postSolution
		{34B46155-FFC5-4056-B58A-858A43955949}.Debug|Any CPU.ActiveCfg = Debug|Any CPU
		{34B46155-FFC5-4056-B58A-858A43955949}.Debug|Any CPU.Build.0 = Debug|Any CPU
		{34B46155-FFC5-4056-B58A-858A43955949}.Release|Any CPU.ActiveCfg = Release|Any CPU
		{34B46155-FFC5-4056-B58A-858A43955949}.Release|Any CPU.Build.0 = Release|Any CPU
		{F3BACC57-D3F6-41AD-A90E-F0507DB63251}.Debug|Any CPU.ActiveCfg = Debug|Any CPU
		{F3BACC57-D3F6-41AD-A90E-F0507DB63251}.Debug|Any CPU.Build.0 = Debug|Any CPU
		{F3BACC57-D3F6-41AD-A90E-F0507DB63251}.Release|Any CPU.ActiveCfg = Release|Any CPU
		{F3BACC57-D3F6-41AD-A90E-F0507DB63251}.Release|Any CPU.Build.0 = Release|Any CPU
	EndGlobalSection
	GlobalSection(SolutionProperties) = preSolution
		HideSolutionNode = FALSE
	EndGlobalSection
	GlobalSection(ExtensibilityGlobals) = postSolution
		SolutionGuid = {0E3A2A1F-CFD8-4813-A537-7C70CEEE6ADD}
	EndGlobalSection
EndGlobal
